// !$*UTF8*$!
{
	archiveVersion = 1;
	classes = {
	};
	objectVersion = 51;
	objects = {

/* Begin PBXBuildFile section */
		BC9BDDF126CCEA70000BF964 /* AppDelegate.swift in Sources */ = {isa = PBXBuildFile; fileRef = BC9BDDF026CCEA70000BF964 /* AppDelegate.swift */; };
		BC9BDDF326CCEA70000BF964 /* SceneDelegate.swift in Sources */ = {isa = PBXBuildFile; fileRef = BC9BDDF226CCEA70000BF964 /* SceneDelegate.swift */; };
		BC9BDDF826CCEA70000BF964 /* Main.storyboard in Resources */ = {isa = PBXBuildFile; fileRef = BC9BDDF626CCEA70000BF964 /* Main.storyboard */; };
		BC9BDDFA26CCEA75000BF964 /* Assets.xcassets in Resources */ = {isa = PBXBuildFile; fileRef = BC9BDDF926CCEA75000BF964 /* Assets.xcassets */; };
		BC9BDDFD26CCEA75000BF964 /* LaunchScreen.storyboard in Resources */ = {isa = PBXBuildFile; fileRef = BC9BDDFB26CCEA75000BF964 /* LaunchScreen.storyboard */; };
		BC9BDE0526CCEE27000BF964 /* Network.swift in Sources */ = {isa = PBXBuildFile; fileRef = BC9BDE0426CCEE27000BF964 /* Network.swift */; };
		BC9BDE0726CCF040000BF964 /* GlobalVariable.swift in Sources */ = {isa = PBXBuildFile; fileRef = BC9BDE0626CCF040000BF964 /* GlobalVariable.swift */; };
		BC9BDE0926CCFEDA000BF964 /* PromoController.swift in Sources */ = {isa = PBXBuildFile; fileRef = BC9BDE0826CCFEDA000BF964 /* PromoController.swift */; };
		BC9BDE0C26CD009D000BF964 /* PromoCell.swift in Sources */ = {isa = PBXBuildFile; fileRef = BC9BDE0A26CD009D000BF964 /* PromoCell.swift */; };
		BC9BDE0D26CD009D000BF964 /* PromoCell.xib in Resources */ = {isa = PBXBuildFile; fileRef = BC9BDE0B26CD009D000BF964 /* PromoCell.xib */; };
		BC9BDE1026CD06D2000BF964 /* PromoDetailsController.swift in Sources */ = {isa = PBXBuildFile; fileRef = BC9BDE0F26CD06D2000BF964 /* PromoDetailsController.swift */; };
		BC9BDE1526CD565B000BF964 /* UILabelExtension.swift in Sources */ = {isa = PBXBuildFile; fileRef = BC9BDE1426CD565B000BF964 /* UILabelExtension.swift */; };
		BC9BDE1726CD5B5A000BF964 /* PromoControllerExtension.swift in Sources */ = {isa = PBXBuildFile; fileRef = BC9BDE1626CD5B5A000BF964 /* PromoControllerExtension.swift */; };
		BC9BDE1926CD619A000BF964 /* UITableViewExtension.swift in Sources */ = {isa = PBXBuildFile; fileRef = BC9BDE1826CD619A000BF964 /* UITableViewExtension.swift */; };
		D083F5AC2AE615847EC14192 /* Pods_bayad.framework in Frameworks */ = {isa = PBXBuildFile; fileRef = 2726DBBD1FCB9B3552AFA04E /* Pods_bayad.framework */; };
/* End PBXBuildFile section */

/* Begin PBXFileReference section */
		2726DBBD1FCB9B3552AFA04E /* Pods_bayad.framework */ = {isa = PBXFileReference; explicitFileType = wrapper.framework; includeInIndex = 0; path = Pods_bayad.framework; sourceTree = BUILT_PRODUCTS_DIR; };
		674B2DE98D726FC94BD370C8 /* Pods-bayad.release.xcconfig */ = {isa = PBXFileReference; includeInIndex = 1; lastKnownFileType = text.xcconfig; name = "Pods-bayad.release.xcconfig"; path = "Target Support Files/Pods-bayad/Pods-bayad.release.xcconfig"; sourceTree = "<group>"; };
		BA469E0CF941B66DEBF34199 /* Pods-bayad.debug.xcconfig */ = {isa = PBXFileReference; includeInIndex = 1; lastKnownFileType = text.xcconfig; name = "Pods-bayad.debug.xcconfig"; path = "Target Support Files/Pods-bayad/Pods-bayad.debug.xcconfig"; sourceTree = "<group>"; };
		BC9BDDED26CCEA70000BF964 /* bayad.app */ = {isa = PBXFileReference; explicitFileType = wrapper.application; includeInIndex = 0; path = bayad.app; sourceTree = BUILT_PRODUCTS_DIR; };
		BC9BDDF026CCEA70000BF964 /* AppDelegate.swift */ = {isa = PBXFileReference; lastKnownFileType = sourcecode.swift; path = AppDelegate.swift; sourceTree = "<group>"; };
		BC9BDDF226CCEA70000BF964 /* SceneDelegate.swift */ = {isa = PBXFileReference; lastKnownFileType = sourcecode.swift; path = SceneDelegate.swift; sourceTree = "<group>"; };
		BC9BDDF726CCEA70000BF964 /* Base */ = {isa = PBXFileReference; lastKnownFileType = file.storyboard; name = Base; path = Base.lproj/Main.storyboard; sourceTree = "<group>"; };
		BC9BDDF926CCEA75000BF964 /* Assets.xcassets */ = {isa = PBXFileReference; lastKnownFileType = folder.assetcatalog; path = Assets.xcassets; sourceTree = "<group>"; };
		BC9BDDFC26CCEA75000BF964 /* Base */ = {isa = PBXFileReference; lastKnownFileType = file.storyboard; name = Base; path = Base.lproj/LaunchScreen.storyboard; sourceTree = "<group>"; };
		BC9BDDFE26CCEA75000BF964 /* Info.plist */ = {isa = PBXFileReference; lastKnownFileType = text.plist.xml; path = Info.plist; sourceTree = "<group>"; };
		BC9BDE0426CCEE27000BF964 /* Network.swift */ = {isa = PBXFileReference; lastKnownFileType = sourcecode.swift; path = Network.swift; sourceTree = "<group>"; };
		BC9BDE0626CCF040000BF964 /* GlobalVariable.swift */ = {isa = PBXFileReference; lastKnownFileType = sourcecode.swift; path = GlobalVariable.swift; sourceTree = "<group>"; };
		BC9BDE0826CCFEDA000BF964 /* PromoController.swift */ = {isa = PBXFileReference; lastKnownFileType = sourcecode.swift; path = PromoController.swift; sourceTree = "<group>"; };
		BC9BDE0A26CD009D000BF964 /* PromoCell.swift */ = {isa = PBXFileReference; lastKnownFileType = sourcecode.swift; path = PromoCell.swift; sourceTree = "<group>"; };
		BC9BDE0B26CD009D000BF964 /* PromoCell.xib */ = {isa = PBXFileReference; lastKnownFileType = file.xib; path = PromoCell.xib; sourceTree = "<group>"; };
		BC9BDE0F26CD06D2000BF964 /* PromoDetailsController.swift */ = {isa = PBXFileReference; lastKnownFileType = sourcecode.swift; path = PromoDetailsController.swift; sourceTree = "<group>"; };
		BC9BDE1426CD565B000BF964 /* UILabelExtension.swift */ = {isa = PBXFileReference; lastKnownFileType = sourcecode.swift; path = UILabelExtension.swift; sourceTree = "<group>"; };
		BC9BDE1626CD5B5A000BF964 /* PromoControllerExtension.swift */ = {isa = PBXFileReference; lastKnownFileType = sourcecode.swift; path = PromoControllerExtension.swift; sourceTree = "<group>"; };
		BC9BDE1826CD619A000BF964 /* UITableViewExtension.swift */ = {isa = PBXFileReference; lastKnownFileType = sourcecode.swift; path = UITableViewExtension.swift; sourceTree = "<group>"; };
/* End PBXFileReference section */

/* Begin PBXFrameworksBuildPhase section */
		BC9BDDEA26CCEA70000BF964 /* Frameworks */ = {
			isa = PBXFrameworksBuildPhase;
			buildActionMask = 2147483647;
			files = (
				D083F5AC2AE615847EC14192 /* Pods_bayad.framework in Frameworks */,
			);
			runOnlyForDeploymentPostprocessing = 0;
		};
/* End PBXFrameworksBuildPhase section */

/* Begin PBXGroup section */
		29BD637DFF3509ED7E9814FE /* Pods */ = {
			isa = PBXGroup;
			children = (
				BA469E0CF941B66DEBF34199 /* Pods-bayad.debug.xcconfig */,
				674B2DE98D726FC94BD370C8 /* Pods-bayad.release.xcconfig */,
			);
			path = Pods;
			sourceTree = "<group>";
		};
		506696B6B5502B5FD74CD8EF /* Frameworks */ = {
			isa = PBXGroup;
			children = (
				2726DBBD1FCB9B3552AFA04E /* Pods_bayad.framework */,
			);
			name = Frameworks;
			sourceTree = "<group>";
		};
		BC9BDDE426CCEA70000BF964 = {
			isa = PBXGroup;
			children = (
				BC9BDDEF26CCEA70000BF964 /* bayad */,
				BC9BDDEE26CCEA70000BF964 /* Products */,
				29BD637DFF3509ED7E9814FE /* Pods */,
				506696B6B5502B5FD74CD8EF /* Frameworks */,
			);
			sourceTree = "<group>";
		};
		BC9BDDEE26CCEA70000BF964 /* Products */ = {
			isa = PBXGroup;
			children = (
				BC9BDDED26CCEA70000BF964 /* bayad.app */,
			);
			name = Products;
			sourceTree = "<group>";
		};
		BC9BDDEF26CCEA70000BF964 /* bayad */ = {
			isa = PBXGroup;
			children = (
				BC9BDDF026CCEA70000BF964 /* AppDelegate.swift */,
				BC9BDDF226CCEA70000BF964 /* SceneDelegate.swift */,
				BC9BDE1126CD06D7000BF964 /* Controllers */,
				BC9BDE0E26CD00AF000BF964 /* PromoCell */,
				BC9BDE0426CCEE27000BF964 /* Network.swift */,
				BC9BDE0626CCF040000BF964 /* GlobalVariable.swift */,
				BC9BDE1426CD565B000BF964 /* UILabelExtension.swift */,
				BC9BDE1826CD619A000BF964 /* UITableViewExtension.swift */,
				BC9BDDF626CCEA70000BF964 /* Main.storyboard */,
				BC9BDDF926CCEA75000BF964 /* Assets.xcassets */,
				BC9BDDFB26CCEA75000BF964 /* LaunchScreen.storyboard */,
				BC9BDDFE26CCEA75000BF964 /* Info.plist */,
			);
			path = bayad;
			sourceTree = "<group>";
		};
		BC9BDE0E26CD00AF000BF964 /* PromoCell */ = {
			isa = PBXGroup;
			children = (
				BC9BDE0A26CD009D000BF964 /* PromoCell.swift */,
				BC9BDE0B26CD009D000BF964 /* PromoCell.xib */,
			);
			path = PromoCell;
			sourceTree = "<group>";
		};
		BC9BDE1126CD06D7000BF964 /* Controllers */ = {
			isa = PBXGroup;
			children = (
				BC9BDE0826CCFEDA000BF964 /* PromoController.swift */,
				BC9BDE1626CD5B5A000BF964 /* PromoControllerExtension.swift */,
				BC9BDE0F26CD06D2000BF964 /* PromoDetailsController.swift */,
			);
			path = Controllers;
			sourceTree = "<group>";
		};
/* End PBXGroup section */

/* Begin PBXNativeTarget section */
		BC9BDDEC26CCEA70000BF964 /* bayad */ = {
			isa = PBXNativeTarget;
			buildConfigurationList = BC9BDE0126CCEA75000BF964 /* Build configuration list for PBXNativeTarget "bayad" */;
			buildPhases = (
				3BFE85BD80C1C9730BEA1C03 /* [CP] Check Pods Manifest.lock */,
				BC9BDDE926CCEA70000BF964 /* Sources */,
				BC9BDDEA26CCEA70000BF964 /* Frameworks */,
				BC9BDDEB26CCEA70000BF964 /* Resources */,
				F945C4C9B59C367BE5ADD78C /* [CP] Embed Pods Frameworks */,
			);
			buildRules = (
			);
			dependencies = (
			);
			name = bayad;
			productName = bayad;
			productReference = BC9BDDED26CCEA70000BF964 /* bayad.app */;
			productType = "com.apple.product-type.application";
		};
/* End PBXNativeTarget section */

/* Begin PBXProject section */
		BC9BDDE526CCEA70000BF964 /* Project object */ = {
			isa = PBXProject;
			attributes = {
				LastSwiftUpdateCheck = 1250;
				LastUpgradeCheck = 1250;
				TargetAttributes = {
					BC9BDDEC26CCEA70000BF964 = {
						CreatedOnToolsVersion = 12.5;
					};
				};
			};
			buildConfigurationList = BC9BDDE826CCEA70000BF964 /* Build configuration list for PBXProject "bayad" */;
			compatibilityVersion = "Xcode 9.3";
			developmentRegion = en;
			hasScannedForEncodings = 0;
			knownRegions = (
				en,
				Base,
			);
			mainGroup = BC9BDDE426CCEA70000BF964;
			productRefGroup = BC9BDDEE26CCEA70000BF964 /* Products */;
			projectDirPath = "";
			projectRoot = "";
			targets = (
				BC9BDDEC26CCEA70000BF964 /* bayad */,
			);
		};
/* End PBXProject section */

/* Begin PBXResourcesBuildPhase section */
		BC9BDDEB26CCEA70000BF964 /* Resources */ = {
			isa = PBXResourcesBuildPhase;
			buildActionMask = 2147483647;
			files = (
				BC9BDDFD26CCEA75000BF964 /* LaunchScreen.storyboard in Resources */,
				BC9BDDFA26CCEA75000BF964 /* Assets.xcassets in Resources */,
				BC9BDDF826CCEA70000BF964 /* Main.storyboard in Resources */,
				BC9BDE0D26CD009D000BF964 /* PromoCell.xib in Resources */,
			);
			runOnlyForDeploymentPostprocessing = 0;
		};
/* End PBXResourcesBuildPhase section */

/* Begin PBXShellScriptBuildPhase section */
		3BFE85BD80C1C9730BEA1C03 /* [CP] Check Pods Manifest.lock */ = {
			isa = PBXShellScriptBuildPhase;
			buildActionMask = 2147483647;
			files = (
			);
			inputFileListPaths = (
			);
			inputPaths = (
				"${PODS_PODFILE_DIR_PATH}/Podfile.lock",
				"${PODS_ROOT}/Manifest.lock",
			);
			name = "[CP] Check Pods Manifest.lock";
			outputFileListPaths = (
			);
			outputPaths = (
				"$(DERIVED_FILE_DIR)/Pods-bayad-checkManifestLockResult.txt",
			);
			runOnlyForDeploymentPostprocessing = 0;
			shellPath = /bin/sh;
			shellScript = "diff \"${PODS_PODFILE_DIR_PATH}/Podfile.lock\" \"${PODS_ROOT}/Manifest.lock\" > /dev/null\nif [ $? != 0 ] ; then\n    # print error to STDERR\n    echo \"error: The sandbox is not in sync with the Podfile.lock. Run 'pod install' or update your CocoaPods installation.\" >&2\n    exit 1\nfi\n# This output is used by Xcode 'outputs' to avoid re-running this script phase.\necho \"SUCCESS\" > \"${SCRIPT_OUTPUT_FILE_0}\"\n";
			showEnvVarsInLog = 0;
		};
		F945C4C9B59C367BE5ADD78C /* [CP] Embed Pods Frameworks */ = {
			isa = PBXShellScriptBuildPhase;
			buildActionMask = 2147483647;
			files = (
			);
			inputFileListPaths = (
				"${PODS_ROOT}/Target Support Files/Pods-bayad/Pods-bayad-frameworks-${CONFIGURATION}-input-files.xcfilelist",
			);
			name = "[CP] Embed Pods Frameworks";
			outputFileListPaths = (
				"${PODS_ROOT}/Target Support Files/Pods-bayad/Pods-bayad-frameworks-${CONFIGURATION}-output-files.xcfilelist",
			);
			runOnlyForDeploymentPostprocessing = 0;
			shellPath = /bin/sh;
			shellScript = "\"${PODS_ROOT}/Target Support Files/Pods-bayad/Pods-bayad-frameworks.sh\"\n";
			showEnvVarsInLog = 0;
		};
/* End PBXShellScriptBuildPhase section */

/* Begin PBXSourcesBuildPhase section */
		BC9BDDE926CCEA70000BF964 /* Sources */ = {
			isa = PBXSourcesBuildPhase;
			buildActionMask = 2147483647;
			files = (
				BC9BDE0726CCF040000BF964 /* GlobalVariable.swift in Sources */,
				BC9BDE1926CD619A000BF964 /* UITableViewExtension.swift in Sources */,
				BC9BDE1726CD5B5A000BF964 /* PromoControllerExtension.swift in Sources */,
				BC9BDE1026CD06D2000BF964 /* PromoDetailsController.swift in Sources */,
				BC9BDDF126CCEA70000BF964 /* AppDelegate.swift in Sources */,
				BC9BDE0926CCFEDA000BF964 /* PromoController.swift in Sources */,
				BC9BDE1526CD565B000BF964 /* UILabelExtension.swift in Sources */,
				BC9BDE0526CCEE27000BF964 /* Network.swift in Sources */,
				BC9BDDF326CCEA70000BF964 /* SceneDelegate.swift in Sources */,
				BC9BDE0C26CD009D000BF964 /* PromoCell.swift in Sources */,
			);
			runOnlyForDeploymentPostprocessing = 0;
		};
/* End PBXSourcesBuildPhase section */

/* Begin PBXVariantGroup section */
		BC9BDDF626CCEA70000BF964 /* Main.storyboard */ = {
			isa = PBXVariantGroup;
			children = (
				BC9BDDF726CCEA70000BF964 /* Base */,
			);
			name = Main.storyboard;
			sourceTree = "<group>";
		};
		BC9BDDFB26CCEA75000BF964 /* LaunchScreen.storyboard */ = {
			isa = PBXVariantGroup;
			children = (
				BC9BDDFC26CCEA75000BF964 /* Base */,
			);
			name = LaunchScreen.storyboard;
			sourceTree = "<group>";
		};
/* End PBXVariantGroup section */

/* Begin XCBuildConfiguration section */
		BC9BDDFF26CCEA75000BF964 /* Debug */ = {
			isa = XCBuildConfiguration;
			buildSettings = {
				ALWAYS_SEARCH_USER_PATHS = NO;
				CLANG_ANALYZER_NONNULL = YES;
				CLANG_ANALYZER_NUMBER_OBJECT_CONVERSION = YES_AGGRESSIVE;
				CLANG_CXX_LANGUAGE_STANDARD = "gnu++14";
				CLANG_CXX_LIBRARY = "libc++";
				CLANG_ENABLE_MODULES = YES;
				CLANG_ENABLE_OBJC_ARC = YES;
				CLANG_ENABLE_OBJC_WEAK = YES;
				CLANG_WARN_BLOCK_CAPTURE_AUTORELEASING = YES;
				CLANG_WARN_BOOL_CONVERSION = YES;
				CLANG_WARN_COMMA = YES;
				CLANG_WARN_CONSTANT_CONVERSION = YES;
				CLANG_WARN_DEPRECATED_OBJC_IMPLEMENTATIONS = YES;
				CLANG_WARN_DIRECT_OBJC_ISA_USAGE = YES_ERROR;
				CLANG_WARN_DOCUMENTATION_COMMENTS = YES;
				CLANG_WARN_EMPTY_BODY = YES;
				CLANG_WARN_ENUM_CONVERSION = YES;
				CLANG_WARN_INFINITE_RECURSION = YES;
				CLANG_WARN_INT_CONVERSION = YES;
				CLANG_WARN_NON_LITERAL_NULL_CONVERSION = YES;
				CLANG_WARN_OBJC_IMPLICIT_RETAIN_SELF = YES;
				CLANG_WARN_OBJC_LITERAL_CONVERSION = YES;
				CLANG_WARN_OBJC_ROOT_CLASS = YES_ERROR;
				CLANG_WARN_QUOTED_INCLUDE_IN_FRAMEWORK_HEADER = YES;
				CLANG_WARN_RANGE_LOOP_ANALYSIS = YES;
				CLANG_WARN_STRICT_PROTOTYPES = YES;
				CLANG_WARN_SUSPICIOUS_MOVE = YES;
				CLANG_WARN_UNGUARDED_AVAILABILITY = YES_AGGRESSIVE;
				CLANG_WARN_UNREACHABLE_CODE = YES;
				CLANG_WARN__DUPLICATE_METHOD_MATCH = YES;
				COPY_PHASE_STRIP = NO;
				DEBUG_INFORMATION_FORMAT = dwarf;
				ENABLE_STRICT_OBJC_MSGSEND = YES;
				ENABLE_TESTABILITY = YES;
				GCC_C_LANGUAGE_STANDARD = gnu11;
				GCC_DYNAMIC_NO_PIC = NO;
				GCC_NO_COMMON_BLOCKS = YES;
				GCC_OPTIMIZATION_LEVEL = 0;
				GCC_PREPROCESSOR_DEFINITIONS = (
					"DEBUG=1",
					"$(inherited)",
				);
				GCC_WARN_64_TO_32_BIT_CONVERSION = YES;
				GCC_WARN_ABOUT_RETURN_TYPE = YES_ERROR;
				GCC_WARN_UNDECLARED_SELECTOR = YES;
				GCC_WARN_UNINITIALIZED_AUTOS = YES_AGGRESSIVE;
				GCC_WARN_UNUSED_FUNCTION = YES;
				GCC_WARN_UNUSED_VARIABLE = YES;
				IPHONEOS_DEPLOYMENT_TARGET = 14.5;
				MTL_ENABLE_DEBUG_INFO = INCLUDE_SOURCE;
				MTL_FAST_MATH = YES;
				ONLY_ACTIVE_ARCH = YES;
				SDKROOT = iphoneos;
				SWIFT_ACTIVE_COMPILATION_CONDITIONS = DEBUG;
				SWIFT_OPTIMIZATION_LEVEL = "-Onone";
			};
			name = Debug;
		};
		BC9BDE0026CCEA75000BF964 /* Release */ = {
			isa = XCBuildConfiguration;
			buildSettings = {
				ALWAYS_SEARCH_USER_PATHS = NO;
				CLANG_ANALYZER_NONNULL = YES;
				CLANG_ANALYZER_NUMBER_OBJECT_CONVERSION = YES_AGGRESSIVE;
				CLANG_CXX_LANGUAGE_STANDARD = "gnu++14";
				CLANG_CXX_LIBRARY = "libc++";
				CLANG_ENABLE_MODULES = YES;
				CLANG_ENABLE_OBJC_ARC = YES;
				CLANG_ENABLE_OBJC_WEAK = YES;
				CLANG_WARN_BLOCK_CAPTURE_AUTORELEASING = YES;
				CLANG_WARN_BOOL_CONVERSION = YES;
				CLANG_WARN_COMMA = YES;
				CLANG_WARN_CONSTANT_CONVERSION = YES;
				CLANG_WARN_DEPRECATED_OBJC_IMPLEMENTATIONS = YES;
				CLANG_WARN_DIRECT_OBJC_ISA_USAGE = YES_ERROR;
				CLANG_WARN_DOCUMENTATION_COMMENTS = YES;
				CLANG_WARN_EMPTY_BODY = YES;
				CLANG_WARN_ENUM_CONVERSION = YES;
				CLANG_WARN_INFINITE_RECURSION = YES;
				CLANG_WARN_INT_CONVERSION = YES;
				CLANG_WARN_NON_LITERAL_NULL_CONVERSION = YES;
				CLANG_WARN_OBJC_IMPLICIT_RETAIN_SELF = YES;
				CLANG_WARN_OBJC_LITERAL_CONVERSION = YES;
				CLANG_WARN_OBJC_ROOT_CLASS = YES_ERROR;
				CLANG_WARN_QUOTED_INCLUDE_IN_FRAMEWORK_HEADER = YES;
				CLANG_WARN_RANGE_LOOP_ANALYSIS = YES;
				CLANG_WARN_STRICT_PROTOTYPES = YES;
				CLANG_WARN_SUSPICIOUS_MOVE = YES;
				CLANG_WARN_UNGUARDED_AVAILABILITY = YES_AGGRESSIVE;
				CLANG_WARN_UNREACHABLE_CODE = YES;
				CLANG_WARN__DUPLICATE_METHOD_MATCH = YES;
				COPY_PHASE_STRIP = NO;
				DEBUG_INFORMATION_FORMAT = "dwarf-with-dsym";
				ENABLE_NS_ASSERTIONS = NO;
				ENABLE_STRICT_OBJC_MSGSEND = YES;
				GCC_C_LANGUAGE_STANDARD = gnu11;
				GCC_NO_COMMON_BLOCKS = YES;
				GCC_WARN_64_TO_32_BIT_CONVERSION = YES;
				GCC_WARN_ABOUT_RETURN_TYPE = YES_ERROR;
				GCC_WARN_UNDECLARED_SELECTOR = YES;
				GCC_WARN_UNINITIALIZED_AUTOS = YES_AGGRESSIVE;
				GCC_WARN_UNUSED_FUNCTION = YES;
				GCC_WARN_UNUSED_VARIABLE = YES;
				IPHONEOS_DEPLOYMENT_TARGET = 14.5;
				MTL_ENABLE_DEBUG_INFO = NO;
				MTL_FAST_MATH = YES;
				SDKROOT = iphoneos;
				SWIFT_COMPILATION_MODE = wholemodule;
				SWIFT_OPTIMIZATION_LEVEL = "-O";
				VALIDATE_PRODUCT = YES;
			};
			name = Release;
		};
		BC9BDE0226CCEA75000BF964 /* Debug */ = {
			isa = XCBuildConfiguration;
			baseConfigurationReference = BA469E0CF941B66DEBF34199 /* Pods-bayad.debug.xcconfig */;
			buildSettings = {
				ASSETCATALOG_COMPILER_APPICON_NAME = AppIcon;
				ASSETCATALOG_COMPILER_GLOBAL_ACCENT_COLOR_NAME = AccentColor;
				CODE_SIGN_STYLE = Automatic;
				DEVELOPMENT_TEAM = 8P46ZX55J8;
				INFOPLIST_FILE = bayad/Info.plist;
				IPHONEOS_DEPLOYMENT_TARGET = 13.0;
				LD_RUNPATH_SEARCH_PATHS = (
					"$(inherited)",
					"@executable_path/Frameworks",
				);
				PRODUCT_BUNDLE_IDENTIFIER = com.lafuenter.bayad;
				PRODUCT_NAME = "$(TARGET_NAME)";
				SWIFT_VERSION = 5.0;
				TARGETED_DEVICE_FAMILY = 1;
			};
			name = Debug;
		};
		BC9BDE0326CCEA75000BF964 /* Release */ = {
			isa = XCBuildConfiguration;
			baseConfigurationReference = 674B2DE98D726FC94BD370C8 /* Pods-bayad.release.xcconfig */;
			buildSettings = {
				ASSETCATALOG_COMPILER_APPICON_NAME = AppIcon;
				ASSETCATALOG_COMPILER_GLOBAL_ACCENT_COLOR_NAME = AccentColor;
				CODE_SIGN_STYLE = Automatic;
				DEVELOPMENT_TEAM = 8P46ZX55J8;
				INFOPLIST_FILE = bayad/Info.plist;
				IPHONEOS_DEPLOYMENT_TARGET = 13.0;
				LD_RUNPATH_SEARCH_PATHS = (
					"$(inherited)",
					"@executable_path/Frameworks",
				);
				PRODUCT_BUNDLE_IDENTIFIER = com.lafuenter.bayad;
				PRODUCT_NAME = "$(TARGET_NAME)";
				SWIFT_VERSION = 5.0;
				TARGETED_DEVICE_FAMILY = 1;
			};
			name = Release;
		};
/* End XCBuildConfiguration section */

/* Begin XCConfigurationList section */
		BC9BDDE826CCEA70000BF964 /* Build configuration list for PBXProject "bayad" */ = {
			isa = XCConfigurationList;
			buildConfigurations = (
				BC9BDDFF26CCEA75000BF964 /* Debug */,
				BC9BDE0026CCEA75000BF964 /* Release */,
			);
			defaultConfigurationIsVisible = 0;
			defaultConfigurationName = Release;
		};
		BC9BDE0126CCEA75000BF964 /* Build configuration list for PBXNativeTarget "bayad" */ = {
			isa = XCConfigurationList;
			buildConfigurations = (
				BC9BDE0226CCEA75000BF964 /* Debug */,
				BC9BDE0326CCEA75000BF964 /* Release */,
			);
			defaultConfigurationIsVisible = 0;
			defaultConfigurationName = Release;
		};
/* End XCConfigurationList section */
	};
	rootObject = BC9BDDE526CCEA70000BF964 /* Project object */;
}
